
Microsoft Visual Studio Solution File, Format Version 12.00
# Visual Studio Version 16
VisualStudioVersion = 16.0.29025.244
MinimumVisualStudioVersion = 10.0.40219.1
Project("{9A19103F-16F7-4668-BE54-9A1E7A4F7556}") = "MemeRing", "MemeRing\MemeRing.csproj", "{A134F68B-DCE4-4076-87B7-F06EE84FF718}"
EndProject
Project("{FAE04EC0-301F-11D3-BF4B-00C04F79EFBC}") = "MemeRingTests", "MemeRingTests\MemeRingTests.csproj", "{F1DC01EB-B963-48FD-9652-526E26301868}"
EndProject
Global
	GlobalSection(SolutionConfigurationPlatforms) = preSolution
		Debug|Any CPU = Debug|Any CPU
		Release|Any CPU = Release|Any CPU
	EndGlobalSection
	GlobalSection(ProjectConfigurationPlatforms) = postSolution
		{A134F68B-DCE4-4076-87B7-F06EE84FF718}.Debug|Any CPU.ActiveCfg = Debug|Any CPU
		{A134F68B-DCE4-4076-87B7-F06EE84FF718}.Debug|Any CPU.Build.0 = Debug|Any CPU
		{A134F68B-DCE4-4076-87B7-F06EE84FF718}.Release|Any CPU.ActiveCfg = Release|Any CPU
		{A134F68B-DCE4-4076-87B7-F06EE84FF718}.Release|Any CPU.Build.0 = Release|Any CPU
		{F1DC01EB-B963-48FD-9652-526E26301868}.Debug|Any CPU.ActiveCfg = Debug|Any CPU
		{F1DC01EB-B963-48FD-9652-526E26301868}.Debug|Any CPU.Build.0 = Debug|Any CPU
		{F1DC01EB-B963-48FD-9652-526E26301868}.Release|Any CPU.ActiveCfg = Release|Any CPU
		{F1DC01EB-B963-48FD-9652-526E26301868}.Release|Any CPU.Build.0 = Release|Any CPU
	EndGlobalSection
	GlobalSection(SolutionProperties) = preSolution
		HideSolutionNode = FALSE
	EndGlobalSection
	GlobalSection(ExtensibilityGlobals) = postSolution
		SolutionGuid = {41E4D6AD-A2E0-4F0E-9ADF-3FFC6ADD195C}
	EndGlobalSection
EndGlobal
